
Microsoft Visual Studio Solution File, Format Version 12.00
# Visual Studio Version 17
VisualStudioVersion = 17.2.32602.215
MinimumVisualStudioVersion = 10.0.40219.1
Project("{FAE04EC0-301F-11D3-BF4B-00C04F79EFBC}") = "NZWalks.api", "NZWalks.api\NZWalks.api.csproj", "{955DCB26-3060-43A4-84BF-FEB7CF2C97CA}"
EndProject
Global
	GlobalSection(SolutionConfigurationPlatforms) = preSolution
		Debug|Any CPU = Debug|Any CPU
		Release|Any CPU = Release|Any CPU
	EndGlobalSection
	GlobalSection(ProjectConfigurationPlatforms) = postSolution
		{955DCB26-3060-43A4-84BF-FEB7CF2C97CA}.Debug|Any CPU.ActiveCfg = Debug|Any CPU
		{955DCB26-3060-43A4-84BF-FEB7CF2C97CA}.Debug|Any CPU.Build.0 = Debug|Any CPU
		{955DCB26-3060-43A4-84BF-FEB7CF2C97CA}.Release|Any CPU.ActiveCfg = Release|Any CPU
		{955DCB26-3060-43A4-84BF-FEB7CF2C97CA}.Release|Any CPU.Build.0 = Release|Any CPU
	EndGlobalSection
	GlobalSection(SolutionProperties) = preSolution
		HideSolutionNode = FALSE
	EndGlobalSection
	GlobalSection(ExtensibilityGlobals) = postSolution
		SolutionGuid = {6E6F9670-07B7-4D9A-AFE6-CFD9E4F25ACF}
	EndGlobalSection
EndGlobal
